
Microsoft Visual Studio Solution File, Format Version 12.00
# Visual Studio 15
VisualStudioVersion = 15.0.28307.421
MinimumVisualStudioVersion = 10.0.40219.1
Project("{FAE04EC0-301F-11D3-BF4B-00C04F79EFBC}") = "Migrations", "Migrations\Migrations.csproj", "{78298ECE-33C5-49CB-BA82-038F7EDF5F0F}"
EndProject
Project("{FAE04EC0-301F-11D3-BF4B-00C04F79EFBC}") = "DTO", "DTO\DTO.csproj", "{48A04162-560B-40C5-B226-494C8902BEBD}"
EndProject
Project("{2150E333-8FDC-42A3-9474-1A3956D46DE8}") = "D13.DAL", "D13.DAL", "{D57792AC-F6EE-45B9-852F-9AB79C8BBE1B}"
EndProject
Project("{2150E333-8FDC-42A3-9474-1A3956D46DE8}") = "D13.DOMAIN", "D13.DOMAIN", "{0FA5F6CD-7248-4715-B2A5-4F86C54F9076}"
EndProject
Project("{FAE04EC0-301F-11D3-BF4B-00C04F79EFBC}") = "BAL", "BAL\BAL.csproj", "{E0E2EF36-4C2D-4C62-A7F3-6A28E3D21D0A}"
EndProject
Project("{2150E333-8FDC-42A3-9474-1A3956D46DE8}") = "D13.APP", "D13.APP", "{8560BD15-C5E7-411A-8D1C-30953767E0C8}"
EndProject
Project("{2150E333-8FDC-42A3-9474-1A3956D46DE8}") = "D13.API", "D13.API", "{1D02014D-0E12-432F-9C70-B8D1514EFCCA}"
EndProject
Project("{2150E333-8FDC-42A3-9474-1A3956D46DE8}") = "D13.TEST", "D13.TEST", "{13BF4BCB-7DCF-4C41-A2BB-A216181042A4}"
EndProject
Project("{FAE04EC0-301F-11D3-BF4B-00C04F79EFBC}") = "UnitTest", "UnitTest\UnitTest.csproj", "{4D8E0EC6-3FD4-4901-91F5-244E6AF3B5FE}"
EndProject
Project("{FAE04EC0-301F-11D3-BF4B-00C04F79EFBC}") = "API", "API\API.csproj", "{87304FDA-4B58-4C35-A2DF-F2D33FF69562}"
EndProject
Project("{FAE04EC0-301F-11D3-BF4B-00C04F79EFBC}") = "WEB.APP", "WEB.APP\WEB.APP.csproj", "{CFB12FBF-59C2-4B98-BB23-ACEB2546E494}"
EndProject
Project("{FAE04EC0-301F-11D3-BF4B-00C04F79EFBC}") = "DAL", "DAL\DAL.csproj", "{E89650D7-37DF-44AE-8ED3-34DA72413942}"
EndProject
Global
	GlobalSection(SolutionConfigurationPlatforms) = preSolution
		Debug|Any CPU = Debug|Any CPU
		Release|Any CPU = Release|Any CPU
	EndGlobalSection
	GlobalSection(ProjectConfigurationPlatforms) = postSolution
		{78298ECE-33C5-49CB-BA82-038F7EDF5F0F}.Debug|Any CPU.ActiveCfg = Debug|Any CPU
		{78298ECE-33C5-49CB-BA82-038F7EDF5F0F}.Debug|Any CPU.Build.0 = Debug|Any CPU
		{78298ECE-33C5-49CB-BA82-038F7EDF5F0F}.Release|Any CPU.ActiveCfg = Release|Any CPU
		{78298ECE-33C5-49CB-BA82-038F7EDF5F0F}.Release|Any CPU.Build.0 = Release|Any CPU
		{48A04162-560B-40C5-B226-494C8902BEBD}.Debug|Any CPU.ActiveCfg = Debug|Any CPU
		{48A04162-560B-40C5-B226-494C8902BEBD}.Debug|Any CPU.Build.0 = Debug|Any CPU
		{48A04162-560B-40C5-B226-494C8902BEBD}.Release|Any CPU.ActiveCfg = Release|Any CPU
		{48A04162-560B-40C5-B226-494C8902BEBD}.Release|Any CPU.Build.0 = Release|Any CPU
		{E0E2EF36-4C2D-4C62-A7F3-6A28E3D21D0A}.Debug|Any CPU.ActiveCfg = Debug|Any CPU
		{E0E2EF36-4C2D-4C62-A7F3-6A28E3D21D0A}.Debug|Any CPU.Build.0 = Debug|Any CPU
		{E0E2EF36-4C2D-4C62-A7F3-6A28E3D21D0A}.Release|Any CPU.ActiveCfg = Release|Any CPU
		{E0E2EF36-4C2D-4C62-A7F3-6A28E3D21D0A}.Release|Any CPU.Build.0 = Release|Any CPU
		{4D8E0EC6-3FD4-4901-91F5-244E6AF3B5FE}.Debug|Any CPU.ActiveCfg = Debug|Any CPU
		{4D8E0EC6-3FD4-4901-91F5-244E6AF3B5FE}.Debug|Any CPU.Build.0 = Debug|Any CPU
		{4D8E0EC6-3FD4-4901-91F5-244E6AF3B5FE}.Release|Any CPU.ActiveCfg = Release|Any CPU
		{4D8E0EC6-3FD4-4901-91F5-244E6AF3B5FE}.Release|Any CPU.Build.0 = Release|Any CPU
		{87304FDA-4B58-4C35-A2DF-F2D33FF69562}.Debug|Any CPU.ActiveCfg = Debug|Any CPU
		{87304FDA-4B58-4C35-A2DF-F2D33FF69562}.Debug|Any CPU.Build.0 = Debug|Any CPU
		{87304FDA-4B58-4C35-A2DF-F2D33FF69562}.Release|Any CPU.ActiveCfg = Release|Any CPU
		{87304FDA-4B58-4C35-A2DF-F2D33FF69562}.Release|Any CPU.Build.0 = Release|Any CPU
		{CFB12FBF-59C2-4B98-BB23-ACEB2546E494}.Debug|Any CPU.ActiveCfg = Debug|Any CPU
		{CFB12FBF-59C2-4B98-BB23-ACEB2546E494}.Debug|Any CPU.Build.0 = Debug|Any CPU
		{CFB12FBF-59C2-4B98-BB23-ACEB2546E494}.Release|Any CPU.ActiveCfg = Release|Any CPU
		{CFB12FBF-59C2-4B98-BB23-ACEB2546E494}.Release|Any CPU.Build.0 = Release|Any CPU
		{E89650D7-37DF-44AE-8ED3-34DA72413942}.Debug|Any CPU.ActiveCfg = Debug|Any CPU
		{E89650D7-37DF-44AE-8ED3-34DA72413942}.Debug|Any CPU.Build.0 = Debug|Any CPU
		{E89650D7-37DF-44AE-8ED3-34DA72413942}.Release|Any CPU.ActiveCfg = Release|Any CPU
		{E89650D7-37DF-44AE-8ED3-34DA72413942}.Release|Any CPU.Build.0 = Release|Any CPU
	EndGlobalSection
	GlobalSection(SolutionProperties) = preSolution
		HideSolutionNode = FALSE
	EndGlobalSection
	GlobalSection(NestedProjects) = preSolution
		{78298ECE-33C5-49CB-BA82-038F7EDF5F0F} = {D57792AC-F6EE-45B9-852F-9AB79C8BBE1B}
		{48A04162-560B-40C5-B226-494C8902BEBD} = {0FA5F6CD-7248-4715-B2A5-4F86C54F9076}
		{E0E2EF36-4C2D-4C62-A7F3-6A28E3D21D0A} = {0FA5F6CD-7248-4715-B2A5-4F86C54F9076}
		{4D8E0EC6-3FD4-4901-91F5-244E6AF3B5FE} = {13BF4BCB-7DCF-4C41-A2BB-A216181042A4}
		{87304FDA-4B58-4C35-A2DF-F2D33FF69562} = {1D02014D-0E12-432F-9C70-B8D1514EFCCA}
		{CFB12FBF-59C2-4B98-BB23-ACEB2546E494} = {8560BD15-C5E7-411A-8D1C-30953767E0C8}
		{E89650D7-37DF-44AE-8ED3-34DA72413942} = {D57792AC-F6EE-45B9-852F-9AB79C8BBE1B}
	EndGlobalSection
	GlobalSection(ExtensibilityGlobals) = postSolution
		SolutionGuid = {8C6846A3-739C-4910-B962-F81DC3F03E8B}
	EndGlobalSection
EndGlobal
